Microsoft Visual Studio Solution File, Format Version 12.00
# Visual Studio Version 17
VisualStudioVersion = 17.0.31903.59
MinimumVisualStudioVersion = 10.0.40219.1
Project("{2150E333-8FDC-42A3-9474-1A3956D46DE8}") = "src", "src", "{BBC343F1-4BDC-42D3-8D71-3F244FB8CB48}"
EndProject
Project("{2150E333-8FDC-42A3-9474-1A3956D46DE8}") = "Services", "Services", "{07096F17-DDBF-4413-B603-C9D3A38BAD19}"
EndProject
Project("{FAE04EC0-301F-11D3-BF4B-00C04F79EFBC}") = "BookingCare.Services.AI", "src\Services\BookingCare.Services.AI\BookingCare.Services.AI.csproj", "{D68280C8-A4E3-415F-AA26-284CFBA0B07C}"
EndProject
Project("{FAE04EC0-301F-11D3-BF4B-00C04F79EFBC}") = "BookingCare.Services.Analytics", "src\Services\BookingCare.Services.Analytics\BookingCare.Services.Analytics.csproj", "{44F9CAD4-3B2A-44B1-A8A9-A97A3E36C3E1}"
EndProject
Project("{FAE04EC0-301F-11D3-BF4B-00C04F79EFBC}") = "BookingCare.Services.Appointment", "src\Services\BookingCare.Services.Appointment\BookingCare.Services.Appointment.csproj", "{A09A5165-AB0F-43F5-9C10-1838D122DC5F}"
EndProject
Project("{FAE04EC0-301F-11D3-BF4B-00C04F79EFBC}") = "BookingCare.Services.Auth", "src\Services\BookingCare.Services.Auth\BookingCare.Services.Auth.csproj", "{0BBE64D7-72E9-4D70-BE4F-82E2B1528130}"
EndProject
Project("{FAE04EC0-301F-11D3-BF4B-00C04F79EFBC}") = "BookingCare.Services.Clinic", "src\Services\BookingCare.Services.Clinic\BookingCare.Services.Clinic.csproj", "{0255DC48-9FEB-4EB1-9CBE-1DEBE985EECD}"
EndProject
Project("{FAE04EC0-301F-11D3-BF4B-00C04F79EFBC}") = "BookingCare.Services.Communication", "src\Services\BookingCare.Services.Communication\BookingCare.Services.Communication.csproj", "{2EE78C50-DCBB-40BC-A633-65DF99F80053}"
EndProject
Project("{FAE04EC0-301F-11D3-BF4B-00C04F79EFBC}") = "BookingCare.Services.Content", "src\Services\BookingCare.Services.Content\BookingCare.Services.Content.csproj", "{89E3FA10-B879-4315-87A1-5439D7D8943B}"
EndProject
Project("{FAE04EC0-301F-11D3-BF4B-00C04F79EFBC}") = "BookingCare.Services.Discount", "src\Services\BookingCare.Services.Discount\BookingCare.Services.Discount.csproj", "{DBCFE19C-21C0-49F3-9912-621FCFA0B06D}"
EndProject
Project("{FAE04EC0-301F-11D3-BF4B-00C04F79EFBC}") = "BookingCare.Services.Doctor", "src\Services\BookingCare.Services.Doctor\BookingCare.Services.Doctor.csproj", "{BF496BCC-0D24-415A-9A7A-43DE3C2D81C8}"
EndProject
Project("{FAE04EC0-301F-11D3-BF4B-00C04F79EFBC}") = "BookingCare.Services.Notification", "src\Services\BookingCare.Services.Notification\BookingCare.Services.Notification.csproj", "{CD3E17A0-5F8F-4538-9917-5CE9E4C5BBE8}"
EndProject
Project("{FAE04EC0-301F-11D3-BF4B-00C04F79EFBC}") = "BookingCare.Services.Payment", "src\Services\BookingCare.Services.Payment\BookingCare.Services.Payment.csproj", "{D26A3FFB-8C7B-4EEE-BB6E-41AF664B99B1}"
EndProject
Project("{FAE04EC0-301F-11D3-BF4B-00C04F79EFBC}") = "BookingCare.Services.Review", "src\Services\BookingCare.Services.Review\BookingCare.Services.Review.csproj", "{1A549493-B6F7-4CFB-BB30-79A9CDE5B827}"
EndProject
Project("{FAE04EC0-301F-11D3-BF4B-00C04F79EFBC}") = "BookingCare.Services.ServiceMedical", "src\Services\BookingCare.Services.ServiceMedical\BookingCare.Services.ServiceMedical.csproj", "{3A033612-075A-42C5-A8A5-2BD5BBBE9EC6}"
EndProject
Project("{FAE04EC0-301F-11D3-BF4B-00C04F79EFBC}") = "BookingCare.Services.User", "src\Services\BookingCare.Services.User\BookingCare.Services.User.csproj", "{2CC74562-4A60-41E2-99CE-2422A2D80D24}"
EndProject
Project("{FAE04EC0-301F-11D3-BF4B-00C04F79EFBC}") = "BookingCare.Services.Favorites", "src\Services\BookingCare.Services.Favorites\BookingCare.Services.Favorites.csproj", "{CDACB6F5-AD2F-44D9-998B-769A3F5EB158}"
EndProject
Project("{2150E333-8FDC-42A3-9474-1A3956D46DE8}") = "Shared", "Shared", "{0F6838AC-40B4-4885-AB8B-9C410B8E0C79}"
EndProject
Project("{FAE04EC0-301F-11D3-BF4B-00C04F79EFBC}") = "BookingCare.Shared.Common", "src\Shared\BookingCare.Shared.Common\BookingCare.Shared.Common.csproj", "{ABEEF7CB-89DF-43DB-B570-D336C773F773}"
EndProject
Project("{FAE04EC0-301F-11D3-BF4B-00C04F79EFBC}") = "BookingCare.Shared.EventBus", "src\Shared\BookingCare.Shared.EventBus\BookingCare.Shared.EventBus.csproj", "{5F9B3DB9-03D5-4FE4-8097-3961BE68A5BE}"
EndProject
Project("{FAE04EC0-301F-11D3-BF4B-00C04F79EFBC}") = "BookingCare.Shared.Protos", "src\Shared\BookingCare.Shared.Protos\BookingCare.Shared.Protos.csproj", "{ADDB92A3-7205-4FC5-9FFD-DDF1FD8FECAA}"
EndProject
Project("{2150E333-8FDC-42A3-9474-1A3956D46DE8}") = "tests", "tests", "{E8818283-3A51-4F17-A45A-E4B6D674CFD5}"
EndProject
Project("{FAE04EC0-301F-11D3-BF4B-00C04F79EFBC}") = "EventBusIntegrationTest", "tests\EventBusIntegrationTest\EventBusIntegrationTest.csproj", "{4E38F16B-EAC0-4DE5-AC24-19C3D8893EB3}"
EndProject
Project("{2150E333-8FDC-42A3-9474-1A3956D46DE8}") = "GlobalExceptionTest", "GlobalExceptionTest", "{29605068-40E8-486B-A323-DDB39A8B7E64}"
EndProject
Project("{FAE04EC0-301F-11D3-BF4B-00C04F79EFBC}") = "BookingCare.Services.Auth", "tests\GlobalExceptionTest\BookingCare.Services.Auth\BookingCare.Services.Auth.csproj", "{BF5A50B8-DCB4-43A1-A91E-1CA19827F6AE}"
EndProject
Project("{2150E333-8FDC-42A3-9474-1A3956D46DE8}") = "tools", "tools", "{39AD4510-824F-45BD-BA88-6EEA4CFF6950}"
EndProject
Project("{FAE04EC0-301F-11D3-BF4B-00C04F79EFBC}") = "EventMonitor", "tools\EventMonitor\EventMonitor.csproj", "{9C6389B5-BD6D-443E-888A-86A53888133B}"
EndProject
Project("{FAE04EC0-301F-11D3-BF4B-00C04F79EFBC}") = "EventPublisher", "tools\EventPublisher\EventPublisher.csproj", "{DFD51FFC-0FB8-41A0-9181-A5E38660D1A1}"
EndProject
Project("{2150E333-8FDC-42A3-9474-1A3956D46DE8}") = "ApiGateway", "ApiGateway", "{B8FBE487-174F-41C3-B34D-D12E9D1B21E0}"
EndProject
Project("{FAE04EC0-301F-11D3-BF4B-00C04F79EFBC}") = "BookingCare.ApiGateway.Ocelot", "src\ApiGateway\BookingCare.ApiGateway.Ocelot\BookingCare.ApiGateway.Ocelot.csproj", "{AFE18B40-3432-4329-A3AC-D36EEBD6431C}"
EndProject
Global
	GlobalSection(SolutionConfigurationPlatforms) = preSolution
		Debug|Any CPU = Debug|Any CPU
		Release|Any CPU = Release|Any CPU
	EndGlobalSection
	GlobalSection(ProjectConfigurationPlatforms) = postSolution
		{D68280C8-A4E3-415F-AA26-284CFBA0B07C}.Debug|Any CPU.ActiveCfg = Debug|Any CPU
		{D68280C8-A4E3-415F-AA26-284CFBA0B07C}.Debug|Any CPU.Build.0 = Debug|Any CPU
		{D68280C8-A4E3-415F-AA26-284CFBA0B07C}.Release|Any CPU.ActiveCfg = Release|Any CPU
		{D68280C8-A4E3-415F-AA26-284CFBA0B07C}.Release|Any CPU.Build.0 = Release|Any CPU
		{44F9CAD4-3B2A-44B1-A8A9-A97A3E36C3E1}.Debug|Any CPU.ActiveCfg = Debug|Any CPU
		{44F9CAD4-3B2A-44B1-A8A9-A97A3E36C3E1}.Debug|Any CPU.Build.0 = Debug|Any CPU
		{44F9CAD4-3B2A-44B1-A8A9-A97A3E36C3E1}.Release|Any CPU.ActiveCfg = Release|Any CPU
		{44F9CAD4-3B2A-44B1-A8A9-A97A3E36C3E1}.Release|Any CPU.Build.0 = Release|Any CPU
		{A09A5165-AB0F-43F5-9C10-1838D122DC5F}.Debug|Any CPU.ActiveCfg = Debug|Any CPU
		{A09A5165-AB0F-43F5-9C10-1838D122DC5F}.Debug|Any CPU.Build.0 = Debug|Any CPU
		{A09A5165-AB0F-43F5-9C10-1838D122DC5F}.Release|Any CPU.ActiveCfg = Release|Any CPU
		{A09A5165-AB0F-43F5-9C10-1838D122DC5F}.Release|Any CPU.Build.0 = Release|Any CPU
		{0BBE64D7-72E9-4D70-BE4F-82E2B1528130}.Debug|Any CPU.ActiveCfg = Debug|Any CPU
		{0BBE64D7-72E9-4D70-BE4F-82E2B1528130}.Debug|Any CPU.Build.0 = Debug|Any CPU
		{0BBE64D7-72E9-4D70-BE4F-82E2B1528130}.Release|Any CPU.ActiveCfg = Release|Any CPU
		{0BBE64D7-72E9-4D70-BE4F-82E2B1528130}.Release|Any CPU.Build.0 = Release|Any CPU
		{0255DC48-9FEB-4EB1-9CBE-1DEBE985EECD}.Debug|Any CPU.ActiveCfg = Debug|Any CPU
		{0255DC48-9FEB-4EB1-9CBE-1DEBE985EECD}.Debug|Any CPU.Build.0 = Debug|Any CPU
		{0255DC48-9FEB-4EB1-9CBE-1DEBE985EECD}.Release|Any CPU.ActiveCfg = Release|Any CPU
		{0255DC48-9FEB-4EB1-9CBE-1DEBE985EECD}.Release|Any CPU.Build.0 = Release|Any CPU
		{2EE78C50-DCBB-40BC-A633-65DF99F80053}.Debug|Any CPU.ActiveCfg = Debug|Any CPU
		{2EE78C50-DCBB-40BC-A633-65DF99F80053}.Debug|Any CPU.Build.0 = Debug|Any CPU
		{2EE78C50-DCBB-40BC-A633-65DF99F80053}.Release|Any CPU.ActiveCfg = Release|Any CPU
		{2EE78C50-DCBB-40BC-A633-65DF99F80053}.Release|Any CPU.Build.0 = Release|Any CPU
		{89E3FA10-B879-4315-87A1-5439D7D8943B}.Debug|Any CPU.ActiveCfg = Debug|Any CPU
		{89E3FA10-B879-4315-87A1-5439D7D8943B}.Debug|Any CPU.Build.0 = Debug|Any CPU
		{89E3FA10-B879-4315-87A1-5439D7D8943B}.Release|Any CPU.ActiveCfg = Release|Any CPU
		{89E3FA10-B879-4315-87A1-5439D7D8943B}.Release|Any CPU.Build.0 = Release|Any CPU
		{DBCFE19C-21C0-49F3-9912-621FCFA0B06D}.Debug|Any CPU.ActiveCfg = Debug|Any CPU
		{DBCFE19C-21C0-49F3-9912-621FCFA0B06D}.Debug|Any CPU.Build.0 = Debug|Any CPU
		{DBCFE19C-21C0-49F3-9912-621FCFA0B06D}.Release|Any CPU.ActiveCfg = Release|Any CPU
		{DBCFE19C-21C0-49F3-9912-621FCFA0B06D}.Release|Any CPU.Build.0 = Release|Any CPU
		{BF496BCC-0D24-415A-9A7A-43DE3C2D81C8}.Debug|Any CPU.ActiveCfg = Debug|Any CPU
		{BF496BCC-0D24-415A-9A7A-43DE3C2D81C8}.Debug|Any CPU.Build.0 = Debug|Any CPU
		{BF496BCC-0D24-415A-9A7A-43DE3C2D81C8}.Release|Any CPU.ActiveCfg = Release|Any CPU
		{BF496BCC-0D24-415A-9A7A-43DE3C2D81C8}.Release|Any CPU.Build.0 = Release|Any CPU
		{CD3E17A0-5F8F-4538-9917-5CE9E4C5BBE8}.Debug|Any CPU.ActiveCfg = Debug|Any CPU
		{CD3E17A0-5F8F-4538-9917-5CE9E4C5BBE8}.Debug|Any CPU.Build.0 = Debug|Any CPU
		{CD3E17A0-5F8F-4538-9917-5CE9E4C5BBE8}.Release|Any CPU.ActiveCfg = Release|Any CPU
		{CD3E17A0-5F8F-4538-9917-5CE9E4C5BBE8}.Release|Any CPU.Build.0 = Release|Any CPU
		{D26A3FFB-8C7B-4EEE-BB6E-41AF664B99B1}.Debug|Any CPU.ActiveCfg = Debug|Any CPU
		{D26A3FFB-8C7B-4EEE-BB6E-41AF664B99B1}.Debug|Any CPU.Build.0 = Debug|Any CPU
		{D26A3FFB-8C7B-4EEE-BB6E-41AF664B99B1}.Release|Any CPU.ActiveCfg = Release|Any CPU
		{D26A3FFB-8C7B-4EEE-BB6E-41AF664B99B1}.Release|Any CPU.Build.0 = Release|Any CPU
		{1A549493-B6F7-4CFB-BB30-79A9CDE5B827}.Debug|Any CPU.ActiveCfg = Debug|Any CPU
		{1A549493-B6F7-4CFB-BB30-79A9CDE5B827}.Debug|Any CPU.Build.0 = Debug|Any CPU
		{1A549493-B6F7-4CFB-BB30-79A9CDE5B827}.Release|Any CPU.ActiveCfg = Release|Any CPU
		{1A549493-B6F7-4CFB-BB30-79A9CDE5B827}.Release|Any CPU.Build.0 = Release|Any CPU
		{3A033612-075A-42C5-A8A5-2BD5BBBE9EC6}.Debug|Any CPU.ActiveCfg = Debug|Any CPU
		{3A033612-075A-42C5-A8A5-2BD5BBBE9EC6}.Debug|Any CPU.Build.0 = Debug|Any CPU
		{3A033612-075A-42C5-A8A5-2BD5BBBE9EC6}.Release|Any CPU.ActiveCfg = Release|Any CPU
		{3A033612-075A-42C5-A8A5-2BD5BBBE9EC6}.Release|Any CPU.Build.0 = Release|Any CPU
		{2CC74562-4A60-41E2-99CE-2422A2D80D24}.Debug|Any CPU.ActiveCfg = Debug|Any CPU
		{2CC74562-4A60-41E2-99CE-2422A2D80D24}.Debug|Any CPU.Build.0 = Debug|Any CPU
		{2CC74562-4A60-41E2-99CE-2422A2D80D24}.Release|Any CPU.ActiveCfg = Release|Any CPU
		{2CC74562-4A60-41E2-99CE-2422A2D80D24}.Release|Any CPU.Build.0 = Release|Any CPU
		{CDACB6F5-AD2F-44D9-998B-769A3F5EB158}.Debug|Any CPU.ActiveCfg = Debug|Any CPU
		{CDACB6F5-AD2F-44D9-998B-769A3F5EB158}.Debug|Any CPU.Build.0 = Debug|Any CPU
		{CDACB6F5-AD2F-44D9-998B-769A3F5EB158}.Release|Any CPU.ActiveCfg = Release|Any CPU
		{CDACB6F5-AD2F-44D9-998B-769A3F5EB158}.Release|Any CPU.Build.0 = Release|Any CPU
		{ABEEF7CB-89DF-43DB-B570-D336C773F773}.Debug|Any CPU.ActiveCfg = Debug|Any CPU
		{ABEEF7CB-89DF-43DB-B570-D336C773F773}.Debug|Any CPU.Build.0 = Debug|Any CPU
		{ABEEF7CB-89DF-43DB-B570-D336C773F773}.Release|Any CPU.ActiveCfg = Release|Any CPU
		{ABEEF7CB-89DF-43DB-B570-D336C773F773}.Release|Any CPU.Build.0 = Release|Any CPU
		{5F9B3DB9-03D5-4FE4-8097-3961BE68A5BE}.Debug|Any CPU.ActiveCfg = Debug|Any CPU
		{5F9B3DB9-03D5-4FE4-8097-3961BE68A5BE}.Debug|Any CPU.Build.0 = Debug|Any CPU
		{5F9B3DB9-03D5-4FE4-8097-3961BE68A5BE}.Release|Any CPU.ActiveCfg = Release|Any CPU
		{5F9B3DB9-03D5-4FE4-8097-3961BE68A5BE}.Release|Any CPU.Build.0 = Release|Any CPU
		{ADDB92A3-7205-4FC5-9FFD-DDF1FD8FECAA}.Debug|Any CPU.ActiveCfg = Debug|Any CPU
		{ADDB92A3-7205-4FC5-9FFD-DDF1FD8FECAA}.Debug|Any CPU.Build.0 = Debug|Any CPU
		{ADDB92A3-7205-4FC5-9FFD-DDF1FD8FECAA}.Release|Any CPU.ActiveCfg = Release|Any CPU
		{ADDB92A3-7205-4FC5-9FFD-DDF1FD8FECAA}.Release|Any CPU.Build.0 = Release|Any CPU
		{4E38F16B-EAC0-4DE5-AC24-19C3D8893EB3}.Debug|Any CPU.ActiveCfg = Debug|Any CPU
		{4E38F16B-EAC0-4DE5-AC24-19C3D8893EB3}.Debug|Any CPU.Build.0 = Debug|Any CPU
		{4E38F16B-EAC0-4DE5-AC24-19C3D8893EB3}.Release|Any CPU.ActiveCfg = Release|Any CPU
		{4E38F16B-EAC0-4DE5-AC24-19C3D8893EB3}.Release|Any CPU.Build.0 = Release|Any CPU
		{BF5A50B8-DCB4-43A1-A91E-1CA19827F6AE}.Debug|Any CPU.ActiveCfg = Debug|Any CPU
		{BF5A50B8-DCB4-43A1-A91E-1CA19827F6AE}.Debug|Any CPU.Build.0 = Debug|Any CPU
		{BF5A50B8-DCB4-43A1-A91E-1CA19827F6AE}.Release|Any CPU.ActiveCfg = Release|Any CPU
		{BF5A50B8-DCB4-43A1-A91E-1CA19827F6AE}.Release|Any CPU.Build.0 = Release|Any CPU
		{9C6389B5-BD6D-443E-888A-86A53888133B}.Debug|Any CPU.ActiveCfg = Debug|Any CPU
		{9C6389B5-BD6D-443E-888A-86A53888133B}.Debug|Any CPU.Build.0 = Debug|Any CPU
		{9C6389B5-BD6D-443E-888A-86A53888133B}.Release|Any CPU.ActiveCfg = Release|Any CPU
		{9C6389B5-BD6D-443E-888A-86A53888133B}.Release|Any CPU.Build.0 = Release|Any CPU
		{DFD51FFC-0FB8-41A0-9181-A5E38660D1A1}.Debug|Any CPU.ActiveCfg = Debug|Any CPU
		{DFD51FFC-0FB8-41A0-9181-A5E38660D1A1}.Debug|Any CPU.Build.0 = Debug|Any CPU
		{DFD51FFC-0FB8-41A0-9181-A5E38660D1A1}.Release|Any CPU.ActiveCfg = Release|Any CPU
		{DFD51FFC-0FB8-41A0-9181-A5E38660D1A1}.Release|Any CPU.Build.0 = Release|Any CPU
		{AFE18B40-3432-4329-A3AC-D36EEBD6431C}.Debug|Any CPU.ActiveCfg = Debug|Any CPU
		{AFE18B40-3432-4329-A3AC-D36EEBD6431C}.Debug|Any CPU.Build.0 = Debug|Any CPU
		{AFE18B40-3432-4329-A3AC-D36EEBD6431C}.Release|Any CPU.ActiveCfg = Release|Any CPU
		{AFE18B40-3432-4329-A3AC-D36EEBD6431C}.Release|Any CPU.Build.0 = Release|Any CPU
	EndGlobalSection
	GlobalSection(NestedProjects) = preSolution
		{07096F17-DDBF-4413-B603-C9D3A38BAD19} = {BBC343F1-4BDC-42D3-8D71-3F244FB8CB48}
		{D68280C8-A4E3-415F-AA26-284CFBA0B07C} = {07096F17-DDBF-4413-B603-C9D3A38BAD19}
		{44F9CAD4-3B2A-44B1-A8A9-A97A3E36C3E1} = {07096F17-DDBF-4413-B603-C9D3A38BAD19}
		{A09A5165-AB0F-43F5-9C10-1838D122DC5F} = {07096F17-DDBF-4413-B603-C9D3A38BAD19}
		{0BBE64D7-72E9-4D70-BE4F-82E2B1528130} = {07096F17-DDBF-4413-B603-C9D3A38BAD19}
		{0255DC48-9FEB-4EB1-9CBE-1DEBE985EECD} = {07096F17-DDBF-4413-B603-C9D3A38BAD19}
		{2EE78C50-DCBB-40BC-A633-65DF99F80053} = {07096F17-DDBF-4413-B603-C9D3A38BAD19}
		{89E3FA10-B879-4315-87A1-5439D7D8943B} = {07096F17-DDBF-4413-B603-C9D3A38BAD19}
		{DBCFE19C-21C0-49F3-9912-621FCFA0B06D} = {07096F17-DDBF-4413-B603-C9D3A38BAD19}
		{BF496BCC-0D24-415A-9A7A-43DE3C2D81C8} = {07096F17-DDBF-4413-B603-C9D3A38BAD19}
		{CD3E17A0-5F8F-4538-9917-5CE9E4C5BBE8} = {07096F17-DDBF-4413-B603-C9D3A38BAD19}
		{D26A3FFB-8C7B-4EEE-BB6E-41AF664B99B1} = {07096F17-DDBF-4413-B603-C9D3A38BAD19}
		{1A549493-B6F7-4CFB-BB30-79A9CDE5B827} = {07096F17-DDBF-4413-B603-C9D3A38BAD19}
		{3A033612-075A-42C5-A8A5-2BD5BBBE9EC6} = {07096F17-DDBF-4413-B603-C9D3A38BAD19}
		{2CC74562-4A60-41E2-99CE-2422A2D80D24} = {07096F17-DDBF-4413-B603-C9D3A38BAD19}
		{CDACB6F5-AD2F-44D9-998B-769A3F5EB158} = {07096F17-DDBF-4413-B603-C9D3A38BAD19}
		{0F6838AC-40B4-4885-AB8B-9C410B8E0C79} = {BBC343F1-4BDC-42D3-8D71-3F244FB8CB48}
		{ABEEF7CB-89DF-43DB-B570-D336C773F773} = {0F6838AC-40B4-4885-AB8B-9C410B8E0C79}
		{5F9B3DB9-03D5-4FE4-8097-3961BE68A5BE} = {0F6838AC-40B4-4885-AB8B-9C410B8E0C79}
		{ADDB92A3-7205-4FC5-9FFD-DDF1FD8FECAA} = {0F6838AC-40B4-4885-AB8B-9C410B8E0C79}
		{4E38F16B-EAC0-4DE5-AC24-19C3D8893EB3} = {E8818283-3A51-4F17-A45A-E4B6D674CFD5}
		{29605068-40E8-486B-A323-DDB39A8B7E64} = {E8818283-3A51-4F17-A45A-E4B6D674CFD5}
		{BF5A50B8-DCB4-43A1-A91E-1CA19827F6AE} = {29605068-40E8-486B-A323-DDB39A8B7E64}
		{9C6389B5-BD6D-443E-888A-86A53888133B} = {39AD4510-824F-45BD-BA88-6EEA4CFF6950}
		{DFD51FFC-0FB8-41A0-9181-A5E38660D1A1} = {39AD4510-824F-45BD-BA88-6EEA4CFF6950}
		{B8FBE487-174F-41C3-B34D-D12E9D1B21E0} = {BBC343F1-4BDC-42D3-8D71-3F244FB8CB48}
		{AFE18B40-3432-4329-A3AC-D36EEBD6431C} = {B8FBE487-174F-41C3-B34D-D12E9D1B21E0}
	EndGlobalSection
EndGlobal
