Microsoft Visual Studio Solution File, Format Version 12.00
# Visual Studio Version 17
VisualStudioVersion = 17.0.31903.59
MinimumVisualStudioVersion = 10.0.40219.1

# Infrastructure Projects
Project("{2150E333-8FDC-42A3-9474-1A3956D46DE8}") = "Infrastructure", "Infrastructure", "{A1B2C3D4-E5F6-7890-1234-567890123456}"
EndProject
Project("{FAE04EC0-301F-11D3-BF4B-00C04F79EFBC}") = "BookingCare.Gateway", "src\Infrastructure\BookingCare.Gateway\BookingCare.Gateway.csproj", "{12345678-1234-1234-1234-123456789012}"
EndProject
Project("{FAE04EC0-301F-11D3-BF4B-00C04F79EFBC}") = "BookingCare.ServiceDiscovery", "src\Infrastructure\BookingCare.ServiceDiscovery\BookingCare.ServiceDiscovery.csproj", "{12345678-1234-1234-1234-123456789013}"
EndProject
Project("{FAE04EC0-301F-11D3-BF4B-00C04F79EFBC}") = "BookingCare.MessageBus", "src\Infrastructure\BookingCare.MessageBus\BookingCare.MessageBus.csproj", "{12345678-1234-1234-1234-123456789014}"
EndProject

# Core Services
Project("{2150E333-8FDC-42A3-9474-1A3956D46DE8}") = "Services", "Services", "{A1B2C3D4-E5F6-7890-1234-567890123457}"
EndProject
Project("{FAE04EC0-301F-11D3-BF4B-00C04F79EFBC}") = "BookingCare.AuthService", "src\Services\AuthService\BookingCare.AuthService\BookingCare.AuthService.csproj", "{12345678-1234-1234-1234-123456789015}"
EndProject
Project("{FAE04EC0-301F-11D3-BF4B-00C04F79EFBC}") = "BookingCare.UserService", "src\Services\UserService\BookingCare.UserService\BookingCare.UserService.csproj", "{12345678-1234-1234-1234-123456789016}"
EndProject
Project("{FAE04EC0-301F-11D3-BF4B-00C04F79EFBC}") = "BookingCare.DoctorService", "src\Services\DoctorService\BookingCare.DoctorService\BookingCare.DoctorService.csproj", "{12345678-1234-1234-1234-123456789017}"
EndProject
Project("{FAE04EC0-301F-11D3-BF4B-00C04F79EFBC}") = "BookingCare.ClinicService", "src\Services\ClinicService\BookingCare.ClinicService\BookingCare.ClinicService.csproj", "{12345678-1234-1234-1234-123456789018}"
EndProject
Project("{FAE04EC0-301F-11D3-BF4B-00C04F79EFBC}") = "BookingCare.AppointmentService", "src\Services\AppointmentService\BookingCare.AppointmentService\BookingCare.AppointmentService.csproj", "{12345678-1234-1234-1234-123456789019}"
EndProject
Project("{FAE04EC0-301F-11D3-BF4B-00C04F79EFBC}") = "BookingCare.PaymentService", "src\Services\PaymentService\BookingCare.PaymentService\BookingCare.PaymentService.csproj", "{12345678-1234-1234-1234-123456789020}"
EndProject
Project("{FAE04EC0-301F-11D3-BF4B-00C04F79EFBC}") = "BookingCare.ReviewService", "src\Services\ReviewService\BookingCare.ReviewService\BookingCare.ReviewService.csproj", "{12345678-1234-1234-1234-123456789021}"
EndProject
Project("{FAE04EC0-301F-11D3-BF4B-00C04F79EFBC}") = "BookingCare.ContentService", "src\Services\ContentService\BookingCare.ContentService\BookingCare.ContentService.csproj", "{12345678-1234-1234-1234-123456789022}"
EndProject
Project("{FAE04EC0-301F-11D3-BF4B-00C04F79EFBC}") = "BookingCare.ServiceMedicalService", "src\Services\ServiceMedicalService\BookingCare.ServiceMedicalService\BookingCare.ServiceMedicalService.csproj", "{12345678-1234-1234-1234-123456789023}"
EndProject
Project("{FAE04EC0-301F-11D3-BF4B-00C04F79EFBC}") = "BookingCare.CommunicationService", "src\Services\CommunicationService\BookingCare.CommunicationService\BookingCare.CommunicationService.csproj", "{12345678-1234-1234-1234-123456789024}"
EndProject
Project("{FAE04EC0-301F-11D3-BF4B-00C04F79EFBC}") = "BookingCare.NotificationService", "src\Services\NotificationService\BookingCare.NotificationService\BookingCare.NotificationService.csproj", "{12345678-1234-1234-1234-123456789025}"
EndProject
Project("{FAE04EC0-301F-11D3-BF4B-00C04F79EFBC}") = "BookingCare.PromotionService", "src\Services\PromotionService\BookingCare.PromotionService\BookingCare.PromotionService.csproj", "{12345678-1234-1234-1234-123456789026}"
EndProject
Project("{FAE04EC0-301F-11D3-BF4B-00C04F79EFBC}") = "BookingCare.FavoriteService", "src\Services\FavoriteService\BookingCare.FavoriteService\BookingCare.FavoriteService.csproj", "{12345678-1234-1234-1234-123456789027}"
EndProject
Project("{FAE04EC0-301F-11D3-BF4B-00C04F79EFBC}") = "BookingCare.AnalyticsService", "src\Services\AnalyticsService\BookingCare.AnalyticsService\BookingCare.AnalyticsService.csproj", "{12345678-1234-1234-1234-123456789028}"
EndProject
Project("{FAE04EC0-301F-11D3-BF4B-00C04F79EFBC}") = "BookingCare.AIService", "src\Services\AIService\BookingCare.AIService\BookingCare.AIService.csproj", "{12345678-1234-1234-1234-123456789029}"
EndProject

# Shared Libraries
Project("{2150E333-8FDC-42A3-9474-1A3956D46DE8}") = "Shared", "Shared", "{A1B2C3D4-E5F6-7890-1234-567890123458}"
EndProject
Project("{FAE04EC0-301F-11D3-BF4B-00C04F79EFBC}") = "BookingCare.Shared.Contracts", "src\Shared\BookingCare.Shared.Contracts\BookingCare.Shared.Contracts.csproj", "{12345678-1234-1234-1234-123456789030}"
EndProject
Project("{FAE04EC0-301F-11D3-BF4B-00C04F79EFBC}") = "BookingCare.Shared.Common", "src\Shared\BookingCare.Shared.Common\BookingCare.Shared.Common.csproj", "{12345678-1234-1234-1234-123456789031}"
EndProject
Project("{FAE04EC0-301F-11D3-BF4B-00C04F79EFBC}") = "BookingCare.Shared.EventBus", "src\Shared\BookingCare.Shared.EventBus\BookingCare.Shared.EventBus.csproj", "{12345678-1234-1234-1234-123456789032}"
EndProject

# Tests
Project("{2150E333-8FDC-42A3-9474-1A3956D46DE8}") = "Tests", "Tests", "{A1B2C3D4-E5F6-7890-1234-567890123459}"
EndProject

Global
	GlobalSection(SolutionConfigurationPlatforms) = preSolution
		Debug|Any CPU = Debug|Any CPU
		Release|Any CPU = Release|Any CPU
	EndGlobalSection
	GlobalSection(ProjectConfigurationPlatforms) = postSolution
		{12345678-1234-1234-1234-123456789012}.Debug|Any CPU.ActiveCfg = Debug|Any CPU
		{12345678-1234-1234-1234-123456789012}.Debug|Any CPU.Build.0 = Debug|Any CPU
		{12345678-1234-1234-1234-123456789012}.Release|Any CPU.ActiveCfg = Release|Any CPU
		{12345678-1234-1234-1234-123456789012}.Release|Any CPU.Build.0 = Release|Any CPU
	EndGlobalSection
	GlobalSection(NestedProjects) = preSolution
		{12345678-1234-1234-1234-123456789012} = {A1B2C3D4-E5F6-7890-1234-567890123456}
		{12345678-1234-1234-1234-123456789013} = {A1B2C3D4-E5F6-7890-1234-567890123456}
		{12345678-1234-1234-1234-123456789014} = {A1B2C3D4-E5F6-7890-1234-567890123456}
		{12345678-1234-1234-1234-123456789015} = {A1B2C3D4-E5F6-7890-1234-567890123457}
		{12345678-1234-1234-1234-123456789030} = {A1B2C3D4-E5F6-7890-1234-567890123458}
		{12345678-1234-1234-1234-123456789031} = {A1B2C3D4-E5F6-7890-1234-567890123458}
		{12345678-1234-1234-1234-123456789032} = {A1B2C3D4-E5F6-7890-1234-567890123458}
	EndGlobalSection
EndGlobal
